// !$*UTF8*$!
{
	archiveVersion = 1;
	classes = {
	};
	objectVersion = 50;
	objects = {

/* Begin PBXBuildFile section */
		45277EF822368F6A00DABDD8 /* PhotoCell.swift in Sources */ = {isa = PBXBuildFile; fileRef = 45277EF722368F6A00DABDD8 /* PhotoCell.swift */; };
		45277F0B22369AB300DABDD8 /* PinterstLayout.swift in Sources */ = {isa = PBXBuildFile; fileRef = 45277F0A22369AB300DABDD8 /* PinterstLayout.swift */; };
		45277F0D2236B16D00DABDD8 /* ImageDownloaderExtention.swift in Sources */ = {isa = PBXBuildFile; fileRef = 45277F0C2236B16D00DABDD8 /* ImageDownloaderExtention.swift */; };
		45277F132236BE0500DABDD8 /* Contants.swift in Sources */ = {isa = PBXBuildFile; fileRef = 45277F122236BE0500DABDD8 /* Contants.swift */; };
		452B9B74223D722E008CBE59 /* testHttpreqTests.swift in Sources */ = {isa = PBXBuildFile; fileRef = 452B9B73223D722E008CBE59 /* testHttpreqTests.swift */; };
		452B9B7C223D72D9008CBE59 /* PhotosVCTests.swift in Sources */ = {isa = PBXBuildFile; fileRef = 452B9B7B223D72D9008CBE59 /* PhotosVCTests.swift */; };
		452B9B7E223D9541008CBE59 /* ModelTest.swift in Sources */ = {isa = PBXBuildFile; fileRef = 452B9B7D223D9541008CBE59 /* ModelTest.swift */; };
		4532B1FE223597750076A2DB /* Photo.swift in Sources */ = {isa = PBXBuildFile; fileRef = 4532B1FD223597750076A2DB /* Photo.swift */; };
		454D14B022346A24006ACCE5 /* AppDelegate.swift in Sources */ = {isa = PBXBuildFile; fileRef = 454D14AF22346A24006ACCE5 /* AppDelegate.swift */; };
		454D14B222346A25006ACCE5 /* PhotosVC.swift in Sources */ = {isa = PBXBuildFile; fileRef = 454D14B122346A25006ACCE5 /* PhotosVC.swift */; };
		454D14B522346A26006ACCE5 /* Main.storyboard in Resources */ = {isa = PBXBuildFile; fileRef = 454D14B322346A25006ACCE5 /* Main.storyboard */; };
		454D14B722346A46006ACCE5 /* Assets.xcassets in Resources */ = {isa = PBXBuildFile; fileRef = 454D14B622346A46006ACCE5 /* Assets.xcassets */; };
		454D14BA22346A46006ACCE5 /* LaunchScreen.storyboard in Resources */ = {isa = PBXBuildFile; fileRef = 454D14B822346A46006ACCE5 /* LaunchScreen.storyboard */; };
		455975B7223C45B8006D258D /* WebVC.swift in Sources */ = {isa = PBXBuildFile; fileRef = 455975B6223C45B7006D258D /* WebVC.swift */; };
		457F6D5D2237D6B70092431A /* DeviceType.swift in Sources */ = {isa = PBXBuildFile; fileRef = 457F6D5C2237D6B70092431A /* DeviceType.swift */; };
		457F6D5F2237F8970092431A /* ImageDetaisVC.swift in Sources */ = {isa = PBXBuildFile; fileRef = 457F6D5E2237F8970092431A /* ImageDetaisVC.swift */; };
		457F6D61223823040092431A /* ZoomTrasitionDelegate.swift in Sources */ = {isa = PBXBuildFile; fileRef = 457F6D60223823040092431A /* ZoomTrasitionDelegate.swift */; };
		459D91152237B66600FF6BFB /* Utilities.swift in Sources */ = {isa = PBXBuildFile; fileRef = 459D91142237B66600FF6BFB /* Utilities.swift */; };
		45FFC295223A922100D196D1 /* MYStoryboard.swift in Sources */ = {isa = PBXBuildFile; fileRef = 45FFC294223A922100D196D1 /* MYStoryboard.swift */; };
		45FFC297223AA53300D196D1 /* CellButton.swift in Sources */ = {isa = PBXBuildFile; fileRef = 45FFC296223AA53300D196D1 /* CellButton.swift */; };
		8FACA3D939F78193CB4EC432 /* Pods_testHttpreq.framework in Frameworks */ = {isa = PBXBuildFile; fileRef = 7D8DCAA662EA49896465F1A8 /* Pods_testHttpreq.framework */; };
/* End PBXBuildFile section */

/* Begin PBXContainerItemProxy section */
		452B9B76223D722F008CBE59 /* PBXContainerItemProxy */ = {
			isa = PBXContainerItemProxy;
			containerPortal = 454D14A422346A22006ACCE5 /* Project object */;
			proxyType = 1;
			remoteGlobalIDString = 454D14AB22346A22006ACCE5;
			remoteInfo = testHttpreq;
		};
/* End PBXContainerItemProxy section */

/* Begin PBXFileReference section */
		45277EF722368F6A00DABDD8 /* PhotoCell.swift */ = {isa = PBXFileReference; lastKnownFileType = sourcecode.swift; path = PhotoCell.swift; sourceTree = "<group>"; };
		45277F0A22369AB300DABDD8 /* PinterstLayout.swift */ = {isa = PBXFileReference; lastKnownFileType = sourcecode.swift; path = PinterstLayout.swift; sourceTree = "<group>"; };
		45277F0C2236B16D00DABDD8 /* ImageDownloaderExtention.swift */ = {isa = PBXFileReference; lastKnownFileType = sourcecode.swift; path = ImageDownloaderExtention.swift; sourceTree = "<group>"; };
		45277F122236BE0500DABDD8 /* Contants.swift */ = {isa = PBXFileReference; lastKnownFileType = sourcecode.swift; path = Contants.swift; sourceTree = "<group>"; };
		452B9B71223D722E008CBE59 /* testHttpreqTests.xctest */ = {isa = PBXFileReference; explicitFileType = wrapper.cfbundle; includeInIndex = 0; path = testHttpreqTests.xctest; sourceTree = BUILT_PRODUCTS_DIR; };
		452B9B73223D722E008CBE59 /* testHttpreqTests.swift */ = {isa = PBXFileReference; lastKnownFileType = sourcecode.swift; path = testHttpreqTests.swift; sourceTree = "<group>"; };
		452B9B75223D722F008CBE59 /* Info.plist */ = {isa = PBXFileReference; lastKnownFileType = text.plist.xml; path = Info.plist; sourceTree = "<group>"; };
		452B9B7B223D72D9008CBE59 /* PhotosVCTests.swift */ = {isa = PBXFileReference; lastKnownFileType = sourcecode.swift; path = PhotosVCTests.swift; sourceTree = "<group>"; };
		452B9B7D223D9541008CBE59 /* ModelTest.swift */ = {isa = PBXFileReference; lastKnownFileType = sourcecode.swift; path = ModelTest.swift; sourceTree = "<group>"; };
		4532B1FD223597750076A2DB /* Photo.swift */ = {isa = PBXFileReference; lastKnownFileType = sourcecode.swift; path = Photo.swift; sourceTree = "<group>"; };
		454D14AC22346A23006ACCE5 /* testHttpreq.app */ = {isa = PBXFileReference; explicitFileType = wrapper.application; includeInIndex = 0; path = testHttpreq.app; sourceTree = BUILT_PRODUCTS_DIR; };
		454D14AF22346A24006ACCE5 /* AppDelegate.swift */ = {isa = PBXFileReference; lastKnownFileType = sourcecode.swift; path = AppDelegate.swift; sourceTree = "<group>"; };
		454D14B122346A25006ACCE5 /* PhotosVC.swift */ = {isa = PBXFileReference; lastKnownFileType = sourcecode.swift; path = PhotosVC.swift; sourceTree = "<group>"; };
		454D14B422346A26006ACCE5 /* Base */ = {isa = PBXFileReference; lastKnownFileType = file.storyboard; name = Base; path = Base.lproj/Main.storyboard; sourceTree = "<group>"; };
		454D14B622346A46006ACCE5 /* Assets.xcassets */ = {isa = PBXFileReference; lastKnownFileType = folder.assetcatalog; path = Assets.xcassets; sourceTree = "<group>"; };
		454D14B922346A46006ACCE5 /* Base */ = {isa = PBXFileReference; lastKnownFileType = file.storyboard; name = Base; path = Base.lproj/LaunchScreen.storyboard; sourceTree = "<group>"; };
		454D14BB22346A46006ACCE5 /* Info.plist */ = {isa = PBXFileReference; lastKnownFileType = text.plist.xml; path = Info.plist; sourceTree = "<group>"; };
		455975B6223C45B7006D258D /* WebVC.swift */ = {isa = PBXFileReference; lastKnownFileType = sourcecode.swift; path = WebVC.swift; sourceTree = "<group>"; };
		457F6D5C2237D6B70092431A /* DeviceType.swift */ = {isa = PBXFileReference; lastKnownFileType = sourcecode.swift; path = DeviceType.swift; sourceTree = "<group>"; };
		457F6D5E2237F8970092431A /* ImageDetaisVC.swift */ = {isa = PBXFileReference; lastKnownFileType = sourcecode.swift; path = ImageDetaisVC.swift; sourceTree = "<group>"; };
		457F6D60223823040092431A /* ZoomTrasitionDelegate.swift */ = {isa = PBXFileReference; lastKnownFileType = sourcecode.swift; path = ZoomTrasitionDelegate.swift; sourceTree = "<group>"; };
		459D91142237B66600FF6BFB /* Utilities.swift */ = {isa = PBXFileReference; lastKnownFileType = sourcecode.swift; path = Utilities.swift; sourceTree = "<group>"; };
		45FFC294223A922100D196D1 /* MYStoryboard.swift */ = {isa = PBXFileReference; lastKnownFileType = sourcecode.swift; path = MYStoryboard.swift; sourceTree = "<group>"; };
		45FFC296223AA53300D196D1 /* CellButton.swift */ = {isa = PBXFileReference; lastKnownFileType = sourcecode.swift; path = CellButton.swift; sourceTree = "<group>"; };
		5446493705ED1DAEE20B2A57 /* Pods-testHttpreq.debug.xcconfig */ = {isa = PBXFileReference; includeInIndex = 1; lastKnownFileType = text.xcconfig; name = "Pods-testHttpreq.debug.xcconfig"; path = "Pods/Target Support Files/Pods-testHttpreq/Pods-testHttpreq.debug.xcconfig"; sourceTree = "<group>"; };
		547C59CFF03B85E7F937D836 /* Pods-testHttpreq.release.xcconfig */ = {isa = PBXFileReference; includeInIndex = 1; lastKnownFileType = text.xcconfig; name = "Pods-testHttpreq.release.xcconfig"; path = "Pods/Target Support Files/Pods-testHttpreq/Pods-testHttpreq.release.xcconfig"; sourceTree = "<group>"; };
		7D8DCAA662EA49896465F1A8 /* Pods_testHttpreq.framework */ = {isa = PBXFileReference; explicitFileType = wrapper.framework; includeInIndex = 0; path = Pods_testHttpreq.framework; sourceTree = BUILT_PRODUCTS_DIR; };
/* End PBXFileReference section */

/* Begin PBXFrameworksBuildPhase section */
		452B9B6E223D722E008CBE59 /* Frameworks */ = {
			isa = PBXFrameworksBuildPhase;
			buildActionMask = 2147483647;
			files = (
			);
			runOnlyForDeploymentPostprocessing = 0;
		};
		454D14A922346A22006ACCE5 /* Frameworks */ = {
			isa = PBXFrameworksBuildPhase;
			buildActionMask = 2147483647;
			files = (
				8FACA3D939F78193CB4EC432 /* Pods_testHttpreq.framework in Frameworks */,
			);
			runOnlyForDeploymentPostprocessing = 0;
		};
/* End PBXFrameworksBuildPhase section */

/* Begin PBXGroup section */
		45277F0E2236B19200DABDD8 /* Model */ = {
			isa = PBXGroup;
			children = (
				4532B1FD223597750076A2DB /* Photo.swift */,
				45FFC294223A922100D196D1 /* MYStoryboard.swift */,
			);
			path = Model;
			sourceTree = "<group>";
		};
		45277F0F2236B19B00DABDD8 /* View */ = {
			isa = PBXGroup;
			children = (
				45277EF722368F6A00DABDD8 /* PhotoCell.swift */,
				45277F0A22369AB300DABDD8 /* PinterstLayout.swift */,
				457F6D60223823040092431A /* ZoomTrasitionDelegate.swift */,
				45FFC296223AA53300D196D1 /* CellButton.swift */,
			);
			path = View;
			sourceTree = "<group>";
		};
		45277F102236B1A700DABDD8 /* Controller */ = {
			isa = PBXGroup;
			children = (
				454D14B122346A25006ACCE5 /* PhotosVC.swift */,
				457F6D5E2237F8970092431A /* ImageDetaisVC.swift */,
				455975B6223C45B7006D258D /* WebVC.swift */,
			);
			path = Controller;
			sourceTree = "<group>";
		};
		45277F112236B1CB00DABDD8 /* Helper */ = {
			isa = PBXGroup;
			children = (
				45277F0C2236B16D00DABDD8 /* ImageDownloaderExtention.swift */,
				45277F122236BE0500DABDD8 /* Contants.swift */,
				459D91142237B66600FF6BFB /* Utilities.swift */,
				457F6D5C2237D6B70092431A /* DeviceType.swift */,
			);
			path = Helper;
			sourceTree = "<group>";
		};
		452B9B72223D722E008CBE59 /* testHttpreqTests */ = {
			isa = PBXGroup;
			children = (
				452B9B73223D722E008CBE59 /* testHttpreqTests.swift */,
				452B9B75223D722F008CBE59 /* Info.plist */,
				452B9B7B223D72D9008CBE59 /* PhotosVCTests.swift */,
				452B9B7D223D9541008CBE59 /* ModelTest.swift */,
			);
			path = testHttpreqTests;
			sourceTree = "<group>";
		};
		454D14A322346A22006ACCE5 = {
			isa = PBXGroup;
			children = (
				454D14AE22346A23006ACCE5 /* testHttpreq */,
				452B9B72223D722E008CBE59 /* testHttpreqTests */,
				454D14AD22346A23006ACCE5 /* Products */,
				BCB8A431E0905B3861B40C45 /* Pods */,
				674E4AB5938DDFA73BEC50A4 /* Frameworks */,
			);
			sourceTree = "<group>";
		};
		454D14AD22346A23006ACCE5 /* Products */ = {
			isa = PBXGroup;
			children = (
				454D14AC22346A23006ACCE5 /* testHttpreq.app */,
				452B9B71223D722E008CBE59 /* testHttpreqTests.xctest */,
			);
			name = Products;
			sourceTree = "<group>";
		};
		454D14AE22346A23006ACCE5 /* testHttpreq */ = {
			isa = PBXGroup;
			children = (
				45277F112236B1CB00DABDD8 /* Helper */,
				45277F102236B1A700DABDD8 /* Controller */,
				45277F0F2236B19B00DABDD8 /* View */,
				45277F0E2236B19200DABDD8 /* Model */,
				454D14AF22346A24006ACCE5 /* AppDelegate.swift */,
				454D14B322346A25006ACCE5 /* Main.storyboard */,
				454D14B622346A46006ACCE5 /* Assets.xcassets */,
				454D14B822346A46006ACCE5 /* LaunchScreen.storyboard */,
				454D14BB22346A46006ACCE5 /* Info.plist */,
			);
			path = testHttpreq;
			sourceTree = "<group>";
		};
		674E4AB5938DDFA73BEC50A4 /* Frameworks */ = {
			isa = PBXGroup;
			children = (
				7D8DCAA662EA49896465F1A8 /* Pods_testHttpreq.framework */,
			);
			name = Frameworks;
			sourceTree = "<group>";
		};
		BCB8A431E0905B3861B40C45 /* Pods */ = {
			isa = PBXGroup;
			children = (
				5446493705ED1DAEE20B2A57 /* Pods-testHttpreq.debug.xcconfig */,
				547C59CFF03B85E7F937D836 /* Pods-testHttpreq.release.xcconfig */,
			);
			name = Pods;
			sourceTree = "<group>";
		};
/* End PBXGroup section */

/* Begin PBXNativeTarget section */
		452B9B70223D722E008CBE59 /* testHttpreqTests */ = {
			isa = PBXNativeTarget;
			buildConfigurationList = 452B9B78223D722F008CBE59 /* Build configuration list for PBXNativeTarget "testHttpreqTests" */;
			buildPhases = (
				452B9B6D223D722E008CBE59 /* Sources */,
				452B9B6E223D722E008CBE59 /* Frameworks */,
				452B9B6F223D722E008CBE59 /* Resources */,
			);
			buildRules = (
			);
			dependencies = (
				452B9B77223D722F008CBE59 /* PBXTargetDependency */,
			);
			name = testHttpreqTests;
			productName = testHttpreqTests;
			productReference = 452B9B71223D722E008CBE59 /* testHttpreqTests.xctest */;
			productType = "com.apple.product-type.bundle.unit-test";
		};
		454D14AB22346A22006ACCE5 /* testHttpreq */ = {
			isa = PBXNativeTarget;
			buildConfigurationList = 454D14BE22346A46006ACCE5 /* Build configuration list for PBXNativeTarget "testHttpreq" */;
			buildPhases = (
				87071F1D2DE19D0D5E030F7C /* [CP] Check Pods Manifest.lock */,
				454D14A822346A22006ACCE5 /* Sources */,
				454D14A922346A22006ACCE5 /* Frameworks */,
				454D14AA22346A22006ACCE5 /* Resources */,
				CD6660CF1C0EED9DDA0F806E /* [CP] Embed Pods Frameworks */,
			);
			buildRules = (
			);
			dependencies = (
			);
			name = testHttpreq;
			productName = testHttpreq;
			productReference = 454D14AC22346A23006ACCE5 /* testHttpreq.app */;
			productType = "com.apple.product-type.application";
		};
/* End PBXNativeTarget section */

/* Begin PBXProject section */
		454D14A422346A22006ACCE5 /* Project object */ = {
			isa = PBXProject;
			attributes = {
				LastSwiftUpdateCheck = 1010;
				LastUpgradeCheck = 1010;
				ORGANIZATIONNAME = ABD;
				TargetAttributes = {
					452B9B70223D722E008CBE59 = {
						CreatedOnToolsVersion = 10.1;
						TestTargetID = 454D14AB22346A22006ACCE5;
					};
					454D14AB22346A22006ACCE5 = {
						CreatedOnToolsVersion = 10.1;
					};
				};
			};
			buildConfigurationList = 454D14A722346A22006ACCE5 /* Build configuration list for PBXProject "testHttpreq" */;
			compatibilityVersion = "Xcode 9.3";
			developmentRegion = en;
			hasScannedForEncodings = 0;
			knownRegions = (
				en,
				Base,
			);
			mainGroup = 454D14A322346A22006ACCE5;
			productRefGroup = 454D14AD22346A23006ACCE5 /* Products */;
			projectDirPath = "";
			projectRoot = "";
			targets = (
				454D14AB22346A22006ACCE5 /* testHttpreq */,
				452B9B70223D722E008CBE59 /* testHttpreqTests */,
			);
		};
/* End PBXProject section */

/* Begin PBXResourcesBuildPhase section */
		452B9B6F223D722E008CBE59 /* Resources */ = {
			isa = PBXResourcesBuildPhase;
			buildActionMask = 2147483647;
			files = (
			);
			runOnlyForDeploymentPostprocessing = 0;
		};
		454D14AA22346A22006ACCE5 /* Resources */ = {
			isa = PBXResourcesBuildPhase;
			buildActionMask = 2147483647;
			files = (
				454D14BA22346A46006ACCE5 /* LaunchScreen.storyboard in Resources */,
				454D14B722346A46006ACCE5 /* Assets.xcassets in Resources */,
				454D14B522346A26006ACCE5 /* Main.storyboard in Resources */,
			);
			runOnlyForDeploymentPostprocessing = 0;
		};
/* End PBXResourcesBuildPhase section */

/* Begin PBXShellScriptBuildPhase section */
		87071F1D2DE19D0D5E030F7C /* [CP] Check Pods Manifest.lock */ = {
			isa = PBXShellScriptBuildPhase;
			buildActionMask = 2147483647;
			files = (
			);
			inputPaths = (
				"${PODS_PODFILE_DIR_PATH}/Podfile.lock",
				"${PODS_ROOT}/Manifest.lock",
			);
			name = "[CP] Check Pods Manifest.lock";
			outputPaths = (
				"$(DERIVED_FILE_DIR)/Pods-testHttpreq-checkManifestLockResult.txt",
			);
			runOnlyForDeploymentPostprocessing = 0;
			shellPath = /bin/sh;
			shellScript = "diff \"${PODS_PODFILE_DIR_PATH}/Podfile.lock\" \"${PODS_ROOT}/Manifest.lock\" > /dev/null\nif [ $? != 0 ] ; then\n    # print error to STDERR\n    echo \"error: The sandbox is not in sync with the Podfile.lock. Run 'pod install' or update your CocoaPods installation.\" >&2\n    exit 1\nfi\n# This output is used by Xcode 'outputs' to avoid re-running this script phase.\necho \"SUCCESS\" > \"${SCRIPT_OUTPUT_FILE_0}\"\n";
			showEnvVarsInLog = 0;
		};
		CD6660CF1C0EED9DDA0F806E /* [CP] Embed Pods Frameworks */ = {
			isa = PBXShellScriptBuildPhase;
			buildActionMask = 2147483647;
			files = (
			);
			inputPaths = (
				"${SRCROOT}/Pods/Target Support Files/Pods-testHttpreq/Pods-testHttpreq-frameworks.sh",
				"${BUILT_PRODUCTS_DIR}/Alamofire/Alamofire.framework",
				"${BUILT_PRODUCTS_DIR}/SDDownloadManager/SDDownloadManager.framework",
				"${BUILT_PRODUCTS_DIR}/SDWebImage/SDWebImage.framework",
				"${BUILT_PRODUCTS_DIR}/SwiftyJSON/SwiftyJSON.framework",
			);
			name = "[CP] Embed Pods Frameworks";
			outputPaths = (
				"${TARGET_BUILD_DIR}/${FRAMEWORKS_FOLDER_PATH}/Alamofire.framework",
				"${TARGET_BUILD_DIR}/${FRAMEWORKS_FOLDER_PATH}/SDDownloadManager.framework",
				"${TARGET_BUILD_DIR}/${FRAMEWORKS_FOLDER_PATH}/SDWebImage.framework",
				"${TARGET_BUILD_DIR}/${FRAMEWORKS_FOLDER_PATH}/SwiftyJSON.framework",
			);
			runOnlyForDeploymentPostprocessing = 0;
			shellPath = /bin/sh;
			shellScript = "\"${SRCROOT}/Pods/Target Support Files/Pods-testHttpreq/Pods-testHttpreq-frameworks.sh\"\n";
			showEnvVarsInLog = 0;
		};
/* End PBXShellScriptBuildPhase section */

/* Begin PBXSourcesBuildPhase section */
		452B9B6D223D722E008CBE59 /* Sources */ = {
			isa = PBXSourcesBuildPhase;
			buildActionMask = 2147483647;
			files = (
				452B9B7E223D9541008CBE59 /* ModelTest.swift in Sources */,
				452B9B74223D722E008CBE59 /* testHttpreqTests.swift in Sources */,
				452B9B7C223D72D9008CBE59 /* PhotosVCTests.swift in Sources */,
			);
			runOnlyForDeploymentPostprocessing = 0;
		};
		454D14A822346A22006ACCE5 /* Sources */ = {
			isa = PBXSourcesBuildPhase;
			buildActionMask = 2147483647;
			files = (
				45277F0D2236B16D00DABDD8 /* ImageDownloaderExtention.swift in Sources */,
				45FFC295223A922100D196D1 /* MYStoryboard.swift in Sources */,
				45277EF822368F6A00DABDD8 /* PhotoCell.swift in Sources */,
				4532B1FE223597750076A2DB /* Photo.swift in Sources */,
				45277F132236BE0500DABDD8 /* Contants.swift in Sources */,
				457F6D5F2237F8970092431A /* ImageDetaisVC.swift in Sources */,
				454D14B222346A25006ACCE5 /* PhotosVC.swift in Sources */,
				454D14B022346A24006ACCE5 /* AppDelegate.swift in Sources */,
				455975B7223C45B8006D258D /* WebVC.swift in Sources */,
				45FFC297223AA53300D196D1 /* CellButton.swift in Sources */,
				457F6D61223823040092431A /* ZoomTrasitionDelegate.swift in Sources */,
				457F6D5D2237D6B70092431A /* DeviceType.swift in Sources */,
				45277F0B22369AB300DABDD8 /* PinterstLayout.swift in Sources */,
				459D91152237B66600FF6BFB /* Utilities.swift in Sources */,
			);
			runOnlyForDeploymentPostprocessing = 0;
		};
/* End PBXSourcesBuildPhase section */

/* Begin PBXTargetDependency section */
		452B9B77223D722F008CBE59 /* PBXTargetDependency */ = {
			isa = PBXTargetDependency;
			target = 454D14AB22346A22006ACCE5 /* testHttpreq */;
			targetProxy = 452B9B76223D722F008CBE59 /* PBXContainerItemProxy */;
		};
/* End PBXTargetDependency section */

/* Begin PBXVariantGroup section */
		454D14B322346A25006ACCE5 /* Main.storyboard */ = {
			isa = PBXVariantGroup;
			children = (
				454D14B422346A26006ACCE5 /* Base */,
			);
			name = Main.storyboard;
			sourceTree = "<group>";
		};
		454D14B822346A46006ACCE5 /* LaunchScreen.storyboard */ = {
			isa = PBXVariantGroup;
			children = (
				454D14B922346A46006ACCE5 /* Base */,
			);
			name = LaunchScreen.storyboard;
			sourceTree = "<group>";
		};
/* End PBXVariantGroup section */

/* Begin XCBuildConfiguration section */
		452B9B79223D722F008CBE59 /* Debug */ = {
			isa = XCBuildConfiguration;
			buildSettings = {
				BUNDLE_LOADER = "$(TEST_HOST)";
				CODE_SIGN_STYLE = Automatic;
				DEVELOPMENT_TEAM = UPQQD4DP7M;
				INFOPLIST_FILE = testHttpreqTests/Info.plist;
				LD_RUNPATH_SEARCH_PATHS = (
					"$(inherited)",
					"@executable_path/Frameworks",
					"@loader_path/Frameworks",
				);
				PRODUCT_BUNDLE_IDENTIFIER = com.ABD64.testHttpreqTests;
				PRODUCT_NAME = "$(TARGET_NAME)";
				SWIFT_VERSION = 4.2;
				TARGETED_DEVICE_FAMILY = "1,2";
				TEST_HOST = "$(BUILT_PRODUCTS_DIR)/testHttpreq.app/testHttpreq";
			};
			name = Debug;
		};
		452B9B7A223D722F008CBE59 /* Release */ = {
			isa = XCBuildConfiguration;
			buildSettings = {
				BUNDLE_LOADER = "$(TEST_HOST)";
				CODE_SIGN_STYLE = Automatic;
				DEVELOPMENT_TEAM = UPQQD4DP7M;
				INFOPLIST_FILE = testHttpreqTests/Info.plist;
				LD_RUNPATH_SEARCH_PATHS = (
					"$(inherited)",
					"@executable_path/Frameworks",
					"@loader_path/Frameworks",
				);
				PRODUCT_BUNDLE_IDENTIFIER = com.ABD64.testHttpreqTests;
				PRODUCT_NAME = "$(TARGET_NAME)";
				SWIFT_VERSION = 4.2;
				TARGETED_DEVICE_FAMILY = "1,2";
				TEST_HOST = "$(BUILT_PRODUCTS_DIR)/testHttpreq.app/testHttpreq";
			};
			name = Release;
		};
		454D14BC22346A46006ACCE5 /* Debug */ = {
			isa = XCBuildConfiguration;
			buildSettings = {
				ALWAYS_SEARCH_USER_PATHS = NO;
				CLANG_ANALYZER_NONNULL = YES;
				CLANG_ANALYZER_NUMBER_OBJECT_CONVERSION = YES_AGGRESSIVE;
				CLANG_CXX_LANGUAGE_STANDARD = "gnu++14";
				CLANG_CXX_LIBRARY = "libc++";
				CLANG_ENABLE_MODULES = YES;
				CLANG_ENABLE_OBJC_ARC = YES;
				CLANG_ENABLE_OBJC_WEAK = YES;
				CLANG_WARN_BLOCK_CAPTURE_AUTORELEASING = YES;
				CLANG_WARN_BOOL_CONVERSION = YES;
				CLANG_WARN_COMMA = YES;
				CLANG_WARN_CONSTANT_CONVERSION = YES;
				CLANG_WARN_DEPRECATED_OBJC_IMPLEMENTATIONS = YES;
				CLANG_WARN_DIRECT_OBJC_ISA_USAGE = YES_ERROR;
				CLANG_WARN_DOCUMENTATION_COMMENTS = YES;
				CLANG_WARN_EMPTY_BODY = YES;
				CLANG_WARN_ENUM_CONVERSION = YES;
				CLANG_WARN_INFINITE_RECURSION = YES;
				CLANG_WARN_INT_CONVERSION = YES;
				CLANG_WARN_NON_LITERAL_NULL_CONVERSION = YES;
				CLANG_WARN_OBJC_IMPLICIT_RETAIN_SELF = YES;
				CLANG_WARN_OBJC_LITERAL_CONVERSION = YES;
				CLANG_WARN_OBJC_ROOT_CLASS = YES_ERROR;
				CLANG_WARN_RANGE_LOOP_ANALYSIS = YES;
				CLANG_WARN_STRICT_PROTOTYPES = YES;
				CLANG_WARN_SUSPICIOUS_MOVE = YES;
				CLANG_WARN_UNGUARDED_AVAILABILITY = YES_AGGRESSIVE;
				CLANG_WARN_UNREACHABLE_CODE = YES;
				CLANG_WARN__DUPLICATE_METHOD_MATCH = YES;
				CODE_SIGN_IDENTITY = "iPhone Developer";
				COPY_PHASE_STRIP = NO;
				DEBUG_INFORMATION_FORMAT = dwarf;
				ENABLE_STRICT_OBJC_MSGSEND = YES;
				ENABLE_TESTABILITY = YES;
				GCC_C_LANGUAGE_STANDARD = gnu11;
				GCC_DYNAMIC_NO_PIC = NO;
				GCC_NO_COMMON_BLOCKS = YES;
				GCC_OPTIMIZATION_LEVEL = 0;
				GCC_PREPROCESSOR_DEFINITIONS = (
					"DEBUG=1",
					"$(inherited)",
				);
				GCC_WARN_64_TO_32_BIT_CONVERSION = YES;
				GCC_WARN_ABOUT_RETURN_TYPE = YES_ERROR;
				GCC_WARN_UNDECLARED_SELECTOR = YES;
				GCC_WARN_UNINITIALIZED_AUTOS = YES_AGGRESSIVE;
				GCC_WARN_UNUSED_FUNCTION = YES;
				GCC_WARN_UNUSED_VARIABLE = YES;
				IPHONEOS_DEPLOYMENT_TARGET = 12.1;
				MTL_ENABLE_DEBUG_INFO = INCLUDE_SOURCE;
				MTL_FAST_MATH = YES;
				ONLY_ACTIVE_ARCH = YES;
				SDKROOT = iphoneos;
				SWIFT_ACTIVE_COMPILATION_CONDITIONS = DEBUG;
				SWIFT_OPTIMIZATION_LEVEL = "-Onone";
			};
			name = Debug;
		};
		454D14BD22346A46006ACCE5 /* Release */ = {
			isa = XCBuildConfiguration;
			buildSettings = {
				ALWAYS_SEARCH_USER_PATHS = NO;
				CLANG_ANALYZER_NONNULL = YES;
				CLANG_ANALYZER_NUMBER_OBJECT_CONVERSION = YES_AGGRESSIVE;
				CLANG_CXX_LANGUAGE_STANDARD = "gnu++14";
				CLANG_CXX_LIBRARY = "libc++";
				CLANG_ENABLE_MODULES = YES;
				CLANG_ENABLE_OBJC_ARC = YES;
				CLANG_ENABLE_OBJC_WEAK = YES;
				CLANG_WARN_BLOCK_CAPTURE_AUTORELEASING = YES;
				CLANG_WARN_BOOL_CONVERSION = YES;
				CLANG_WARN_COMMA = YES;
				CLANG_WARN_CONSTANT_CONVERSION = YES;
				CLANG_WARN_DEPRECATED_OBJC_IMPLEMENTATIONS = YES;
				CLANG_WARN_DIRECT_OBJC_ISA_USAGE = YES_ERROR;
				CLANG_WARN_DOCUMENTATION_COMMENTS = YES;
				CLANG_WARN_EMPTY_BODY = YES;
				CLANG_WARN_ENUM_CONVERSION = YES;
				CLANG_WARN_INFINITE_RECURSION = YES;
				CLANG_WARN_INT_CONVERSION = YES;
				CLANG_WARN_NON_LITERAL_NULL_CONVERSION = YES;
				CLANG_WARN_OBJC_IMPLICIT_RETAIN_SELF = YES;
				CLANG_WARN_OBJC_LITERAL_CONVERSION = YES;
				CLANG_WARN_OBJC_ROOT_CLASS = YES_ERROR;
				CLANG_WARN_RANGE_LOOP_ANALYSIS = YES;
				CLANG_WARN_STRICT_PROTOTYPES = YES;
				CLANG_WARN_SUSPICIOUS_MOVE = YES;
				CLANG_WARN_UNGUARDED_AVAILABILITY = YES_AGGRESSIVE;
				CLANG_WARN_UNREACHABLE_CODE = YES;
				CLANG_WARN__DUPLICATE_METHOD_MATCH = YES;
				CODE_SIGN_IDENTITY = "iPhone Developer";
				COPY_PHASE_STRIP = NO;
				DEBUG_INFORMATION_FORMAT = "dwarf-with-dsym";
				ENABLE_NS_ASSERTIONS = NO;
				ENABLE_STRICT_OBJC_MSGSEND = YES;
				GCC_C_LANGUAGE_STANDARD = gnu11;
				GCC_NO_COMMON_BLOCKS = YES;
				GCC_WARN_64_TO_32_BIT_CONVERSION = YES;
				GCC_WARN_ABOUT_RETURN_TYPE = YES_ERROR;
				GCC_WARN_UNDECLARED_SELECTOR = YES;
				GCC_WARN_UNINITIALIZED_AUTOS = YES_AGGRESSIVE;
				GCC_WARN_UNUSED_FUNCTION = YES;
				GCC_WARN_UNUSED_VARIABLE = YES;
				IPHONEOS_DEPLOYMENT_TARGET = 12.1;
				MTL_ENABLE_DEBUG_INFO = NO;
				MTL_FAST_MATH = YES;
				SDKROOT = iphoneos;
				SWIFT_COMPILATION_MODE = wholemodule;
				SWIFT_OPTIMIZATION_LEVEL = "-O";
				VALIDATE_PRODUCT = YES;
			};
			name = Release;
		};
		454D14BF22346A46006ACCE5 /* Debug */ = {
			isa = XCBuildConfiguration;
			baseConfigurationReference = 5446493705ED1DAEE20B2A57 /* Pods-testHttpreq.debug.xcconfig */;
			buildSettings = {
				ASSETCATALOG_COMPILER_APPICON_NAME = AppIcon;
				CODE_SIGN_STYLE = Automatic;
				DEVELOPMENT_TEAM = UPQQD4DP7M;
				INFOPLIST_FILE = testHttpreq/Info.plist;
				LD_RUNPATH_SEARCH_PATHS = (
					"$(inherited)",
					"@executable_path/Frameworks",
				);
				PRODUCT_BUNDLE_IDENTIFIER = com.ABD64.testHttpreq;
				PRODUCT_NAME = "$(TARGET_NAME)";
				SWIFT_VERSION = 4.2;
				TARGETED_DEVICE_FAMILY = "1,2";
			};
			name = Debug;
		};
		454D14C022346A46006ACCE5 /* Release */ = {
			isa = XCBuildConfiguration;
			baseConfigurationReference = 547C59CFF03B85E7F937D836 /* Pods-testHttpreq.release.xcconfig */;
			buildSettings = {
				ASSETCATALOG_COMPILER_APPICON_NAME = AppIcon;
				CODE_SIGN_STYLE = Automatic;
				DEVELOPMENT_TEAM = UPQQD4DP7M;
				INFOPLIST_FILE = testHttpreq/Info.plist;
				LD_RUNPATH_SEARCH_PATHS = (
					"$(inherited)",
					"@executable_path/Frameworks",
				);
				PRODUCT_BUNDLE_IDENTIFIER = com.ABD64.testHttpreq;
				PRODUCT_NAME = "$(TARGET_NAME)";
				SWIFT_VERSION = 4.2;
				TARGETED_DEVICE_FAMILY = "1,2";
			};
			name = Release;
		};
/* End XCBuildConfiguration section */

/* Begin XCConfigurationList section */
		452B9B78223D722F008CBE59 /* Build configuration list for PBXNativeTarget "testHttpreqTests" */ = {
			isa = XCConfigurationList;
			buildConfigurations = (
				452B9B79223D722F008CBE59 /* Debug */,
				452B9B7A223D722F008CBE59 /* Release */,
			);
			defaultConfigurationIsVisible = 0;
			defaultConfigurationName = Release;
		};
		454D14A722346A22006ACCE5 /* Build configuration list for PBXProject "testHttpreq" */ = {
			isa = XCConfigurationList;
			buildConfigurations = (
				454D14BC22346A46006ACCE5 /* Debug */,
				454D14BD22346A46006ACCE5 /* Release */,
			);
			defaultConfigurationIsVisible = 0;
			defaultConfigurationName = Release;
		};
		454D14BE22346A46006ACCE5 /* Build configuration list for PBXNativeTarget "testHttpreq" */ = {
			isa = XCConfigurationList;
			buildConfigurations = (
				454D14BF22346A46006ACCE5 /* Debug */,
				454D14C022346A46006ACCE5 /* Release */,
			);
			defaultConfigurationIsVisible = 0;
			defaultConfigurationName = Release;
		};
/* End XCConfigurationList section */
	};
	rootObject = 454D14A422346A22006ACCE5 /* Project object */;
}
